
Microsoft Visual Studio Solution File, Format Version 12.00
# Visual Studio Version 17
VisualStudioVersion = 17.11.35312.102
MinimumVisualStudioVersion = 10.0.40219.1
Project("{FAE04EC0-301F-11D3-BF4B-00C04F79EFBC}") = "eg3", "eg3.csproj", "{AB8CD970-36D8-4885-B212-FEC8B58A0FD0}"
EndProject
Global
	GlobalSection(SolutionConfigurationPlatforms) = preSolution
		Debug|Any CPU = Debug|Any CPU
		Release|Any CPU = Release|Any CPU
	EndGlobalSection
	GlobalSection(ProjectConfigurationPlatforms) = postSolution
		{AB8CD970-36D8-4885-B212-FEC8B58A0FD0}.Debug|Any CPU.ActiveCfg = Debug|Any CPU
		{AB8CD970-36D8-4885-B212-FEC8B58A0FD0}.Debug|Any CPU.Build.0 = Debug|Any CPU
		{AB8CD970-36D8-4885-B212-FEC8B58A0FD0}.Release|Any CPU.ActiveCfg = Release|Any CPU
		{AB8CD970-36D8-4885-B212-FEC8B58A0FD0}.Release|Any CPU.Build.0 = Release|Any CPU
	EndGlobalSection
	GlobalSection(SolutionProperties) = preSolution
		HideSolutionNode = FALSE
	EndGlobalSection
	GlobalSection(ExtensibilityGlobals) = postSolution
		SolutionGuid = {F3FAEACC-C10F-4A23-A745-8D98414F301F}
	EndGlobalSection
EndGlobal
